
Microsoft Visual Studio Solution File, Format Version 12.00
# Visual Studio Version 17
VisualStudioVersion = 17.1.32319.34
MinimumVisualStudioVersion = 10.0.40219.1
Project("{FAE04EC0-301F-11D3-BF4B-00C04F79EFBC}") = "NorthwindContext", "NorthwindContext\NorthwindContext.csproj", "{CF9A80E7-64A7-4CE6-8B19-5BB82E35DF19}"
EndProject
Project("{FAE04EC0-301F-11D3-BF4B-00C04F79EFBC}") = "TestDB", "TestDB\TestDB.csproj", "{FCAD2569-50D6-4B5F-A0B2-9BECB8959F28}"
EndProject
Global
	GlobalSection(SolutionConfigurationPlatforms) = preSolution
		Debug|Any CPU = Debug|Any CPU
		Release|Any CPU = Release|Any CPU
	EndGlobalSection
	GlobalSection(ProjectConfigurationPlatforms) = postSolution
		{CF9A80E7-64A7-4CE6-8B19-5BB82E35DF19}.Debug|Any CPU.ActiveCfg = Debug|Any CPU
		{CF9A80E7-64A7-4CE6-8B19-5BB82E35DF19}.Debug|Any CPU.Build.0 = Debug|Any CPU
		{CF9A80E7-64A7-4CE6-8B19-5BB82E35DF19}.Release|Any CPU.ActiveCfg = Release|Any CPU
		{CF9A80E7-64A7-4CE6-8B19-5BB82E35DF19}.Release|Any CPU.Build.0 = Release|Any CPU
		{FCAD2569-50D6-4B5F-A0B2-9BECB8959F28}.Debug|Any CPU.ActiveCfg = Debug|Any CPU
		{FCAD2569-50D6-4B5F-A0B2-9BECB8959F28}.Debug|Any CPU.Build.0 = Debug|Any CPU
		{FCAD2569-50D6-4B5F-A0B2-9BECB8959F28}.Release|Any CPU.ActiveCfg = Release|Any CPU
		{FCAD2569-50D6-4B5F-A0B2-9BECB8959F28}.Release|Any CPU.Build.0 = Release|Any CPU
	EndGlobalSection
	GlobalSection(SolutionProperties) = preSolution
		HideSolutionNode = FALSE
	EndGlobalSection
	GlobalSection(ExtensibilityGlobals) = postSolution
		SolutionGuid = {E58A1638-D3D4-4F1D-B5B3-23F9DC31865F}
	EndGlobalSection
EndGlobal
