
Microsoft Visual Studio Solution File, Format Version 12.00
# Visual Studio Version 17
VisualStudioVersion = 17.1.32319.34
MinimumVisualStudioVersion = 10.0.40219.1
Project("{9A19103F-16F7-4668-BE54-9A1E7A4F7556}") = "NorthwindContext", "NorthwindContext\NorthwindContext.csproj", "{CF9A80E7-64A7-4CE6-8B19-5BB82E35DF19}"
EndProject
Project("{9A19103F-16F7-4668-BE54-9A1E7A4F7556}") = "TestDB", "TestDB\TestDB.csproj", "{FCAD2569-50D6-4B5F-A0B2-9BECB8959F28}"
EndProject
Project("{9A19103F-16F7-4668-BE54-9A1E7A4F7556}") = "VeriEkleme", "VeriEkleme\VeriEkleme.csproj", "{F07A6159-6A49-47DD-BD68-E1F6011BFB2E}"
EndProject
Project("{FAE04EC0-301F-11D3-BF4B-00C04F79EFBC}") = "VeriGuncelleme", "VeriGuncelleme\VeriGuncelleme.csproj", "{5E9E4828-95FB-4AE0-8DFF-C00D7731FA21}"
EndProject
Project("{FAE04EC0-301F-11D3-BF4B-00C04F79EFBC}") = "VeriSilme", "VeriSilme\VeriSilme.csproj", "{50D5D3B6-7B3F-4DC9-B993-AAE861BF243A}"
EndProject
Global
	GlobalSection(SolutionConfigurationPlatforms) = preSolution
		Debug|Any CPU = Debug|Any CPU
		Release|Any CPU = Release|Any CPU
	EndGlobalSection
	GlobalSection(ProjectConfigurationPlatforms) = postSolution
		{CF9A80E7-64A7-4CE6-8B19-5BB82E35DF19}.Debug|Any CPU.ActiveCfg = Debug|Any CPU
		{CF9A80E7-64A7-4CE6-8B19-5BB82E35DF19}.Debug|Any CPU.Build.0 = Debug|Any CPU
		{CF9A80E7-64A7-4CE6-8B19-5BB82E35DF19}.Release|Any CPU.ActiveCfg = Release|Any CPU
		{CF9A80E7-64A7-4CE6-8B19-5BB82E35DF19}.Release|Any CPU.Build.0 = Release|Any CPU
		{FCAD2569-50D6-4B5F-A0B2-9BECB8959F28}.Debug|Any CPU.ActiveCfg = Debug|Any CPU
		{FCAD2569-50D6-4B5F-A0B2-9BECB8959F28}.Debug|Any CPU.Build.0 = Debug|Any CPU
		{FCAD2569-50D6-4B5F-A0B2-9BECB8959F28}.Release|Any CPU.ActiveCfg = Release|Any CPU
		{FCAD2569-50D6-4B5F-A0B2-9BECB8959F28}.Release|Any CPU.Build.0 = Release|Any CPU
		{F07A6159-6A49-47DD-BD68-E1F6011BFB2E}.Debug|Any CPU.ActiveCfg = Debug|Any CPU
		{F07A6159-6A49-47DD-BD68-E1F6011BFB2E}.Debug|Any CPU.Build.0 = Debug|Any CPU
		{F07A6159-6A49-47DD-BD68-E1F6011BFB2E}.Release|Any CPU.ActiveCfg = Release|Any CPU
		{F07A6159-6A49-47DD-BD68-E1F6011BFB2E}.Release|Any CPU.Build.0 = Release|Any CPU
		{5E9E4828-95FB-4AE0-8DFF-C00D7731FA21}.Debug|Any CPU.ActiveCfg = Debug|Any CPU
		{5E9E4828-95FB-4AE0-8DFF-C00D7731FA21}.Debug|Any CPU.Build.0 = Debug|Any CPU
		{5E9E4828-95FB-4AE0-8DFF-C00D7731FA21}.Release|Any CPU.ActiveCfg = Release|Any CPU
		{5E9E4828-95FB-4AE0-8DFF-C00D7731FA21}.Release|Any CPU.Build.0 = Release|Any CPU
		{50D5D3B6-7B3F-4DC9-B993-AAE861BF243A}.Debug|Any CPU.ActiveCfg = Debug|Any CPU
		{50D5D3B6-7B3F-4DC9-B993-AAE861BF243A}.Debug|Any CPU.Build.0 = Debug|Any CPU
		{50D5D3B6-7B3F-4DC9-B993-AAE861BF243A}.Release|Any CPU.ActiveCfg = Release|Any CPU
		{50D5D3B6-7B3F-4DC9-B993-AAE861BF243A}.Release|Any CPU.Build.0 = Release|Any CPU
	EndGlobalSection
	GlobalSection(SolutionProperties) = preSolution
		HideSolutionNode = FALSE
	EndGlobalSection
	GlobalSection(ExtensibilityGlobals) = postSolution
		SolutionGuid = {E58A1638-D3D4-4F1D-B5B3-23F9DC31865F}
	EndGlobalSection
EndGlobal
